
Microsoft Visual Studio Solution File, Format Version 12.00
# Visual Studio 15
VisualStudioVersion = 15.0.28307.1231
MinimumVisualStudioVersion = 10.0.40219.1
Project("{8BC9CEB8-8B4A-11D0-8D11-00A0C91BC942}") = "Test", "Test\Test.vcxproj", "{EF28D32B-86BC-4E45-ACE5-F14BDA8A3F6E}"
EndProject
Global
	GlobalSection(SolutionConfigurationPlatforms) = preSolution
		Debug|x64 = Debug|x64
		Debug|x86 = Debug|x86
		Release|x64 = Release|x64
		Release|x86 = Release|x86
	EndGlobalSection
	GlobalSection(ProjectConfigurationPlatforms) = postSolution
		{EF28D32B-86BC-4E45-ACE5-F14BDA8A3F6E}.Debug|x64.ActiveCfg = Debug|x64
		{EF28D32B-86BC-4E45-ACE5-F14BDA8A3F6E}.Debug|x64.Build.0 = Debug|x64
		{EF28D32B-86BC-4E45-ACE5-F14BDA8A3F6E}.Debug|x86.ActiveCfg = Debug|Win32
		{EF28D32B-86BC-4E45-ACE5-F14BDA8A3F6E}.Debug|x86.Build.0 = Debug|Win32
		{EF28D32B-86BC-4E45-ACE5-F14BDA8A3F6E}.Release|x64.ActiveCfg = Release|x64
		{EF28D32B-86BC-4E45-ACE5-F14BDA8A3F6E}.Release|x64.Build.0 = Release|x64
		{EF28D32B-86BC-4E45-ACE5-F14BDA8A3F6E}.Release|x86.ActiveCfg = Release|Win32
		{EF28D32B-86BC-4E45-ACE5-F14BDA8A3F6E}.Release|x86.Build.0 = Release|Win32
	EndGlobalSection
	GlobalSection(SolutionProperties) = preSolution
		HideSolutionNode = FALSE
	EndGlobalSection
	GlobalSection(ExtensibilityGlobals) = postSolution
		SolutionGuid = {65ABCE09-7A5F-430B-8BE5-589A73DBF17E}
	EndGlobalSection
EndGlobal
